
Microsoft Visual Studio Solution File, Format Version 12.00
# Visual Studio Version 16
VisualStudioVersion = 16.0.30717.126
MinimumVisualStudioVersion = 10.0.40219.1
Project("{FAE04EC0-301F-11D3-BF4B-00C04F79EFBC}") = "WebApplication2", "WebApplication2\WebApplication2.csproj", "{DD984235-26B6-41FE-9122-E09CEA32228B}"
EndProject
Global
	GlobalSection(SolutionConfigurationPlatforms) = preSolution
		Debug|Any CPU = Debug|Any CPU
		Release|Any CPU = Release|Any CPU
	EndGlobalSection
	GlobalSection(ProjectConfigurationPlatforms) = postSolution
		{DD984235-26B6-41FE-9122-E09CEA32228B}.Debug|Any CPU.ActiveCfg = Debug|Any CPU
		{DD984235-26B6-41FE-9122-E09CEA32228B}.Debug|Any CPU.Build.0 = Debug|Any CPU
		{DD984235-26B6-41FE-9122-E09CEA32228B}.Release|Any CPU.ActiveCfg = Release|Any CPU
		{DD984235-26B6-41FE-9122-E09CEA32228B}.Release|Any CPU.Build.0 = Release|Any CPU
	EndGlobalSection
	GlobalSection(SolutionProperties) = preSolution
		HideSolutionNode = FALSE
	EndGlobalSection
	GlobalSection(ExtensibilityGlobals) = postSolution
		SolutionGuid = {01CBE515-6FD3-40C7-8D69-E32557392AE7}
	EndGlobalSection
EndGlobal
